dependencies:
- name: bot-webapp
  repository: file://../../../charts/internal/bot-webapp/0.0.1
  version: 0.0.1
- name: bot-backend
  repository: file://../../../charts/internal/bot-backend/0.0.1
  version: 0.0.1
digest: sha256:63025512f8a9f501d0aaadec9fda3bd309e0fc96e554ab92a85d10b4af6dd119
generated: "2021-11-17T12:55:29.378469597-06:00"
