{
  "name": "webgl",
  "version": "1.0.0",
  "dependencies": {
    "accepts": {
      "version": "1.3.3",
      "from": "accepts@>=1.3.3 <1.4.0",
      "resolved": "https://registry.npmjs.org/accepts/-/accepts-1.3.3.tgz"
    },
    "add-line-numbers": {
      "version": "1.0.1",
      "from": "add-line-numbers@>=1.0.1 <2.0.0",
      "resolved": "https://registry.npmjs.org/add-line-numbers/-/add-line-numbers-1.0.1.tgz"
    },
    "array-flatten": {
      "version": "1.1.1",
      "from": "array-flatten@1.1.1",
      "resolved": "https://registry.npmjs.org/array-flatten/-/array-flatten-1.1.1.tgz"
    },
    "asap": {
      "version": "2.0.5",
      "from": "asap@>=2.0.3 <2.1.0",
      "resolved": "https://registry.npmjs.org/asap/-/asap-2.0.5.tgz"
    },
    "async": {
      "version": "2.1.4",
      "from": "async@2.1.4",
      "resolved": "https://registry.npmjs.org/async/-/async-2.1.4.tgz"
    },
    "atob-lite": {
      "version": "1.0.0",
      "from": "atob-lite@>=1.0.0 <2.0.0",
      "resolved": "https://registry.npmjs.org/atob-lite/-/atob-lite-1.0.0.tgz"
    },
    "axios": {
      "version": "0.12.0",
      "from": "axios@>=0.12.0 <0.13.0",
      "resolved": "https://registry.npmjs.org/axios/-/axios-0.12.0.tgz"
    },
    "babel-polyfill": {
      "version": "6.22.0",
      "from": "babel-polyfill@>=6.20.0 <7.0.0",
      "resolved": "https://registry.npmjs.org/babel-polyfill/-/babel-polyfill-6.22.0.tgz"
    },
    "babel-runtime": {
      "version": "6.22.0",
      "from": "babel-runtime@>=6.22.0 <7.0.0",
      "resolved": "https://registry.npmjs.org/babel-runtime/-/babel-runtime-6.22.0.tgz"
    },
    "balanced-match": {
      "version": "0.4.2",
      "from": "balanced-match@>=0.4.1 <0.5.0",
      "resolved": "https://registry.npmjs.org/balanced-match/-/balanced-match-0.4.2.tgz"
    },
    "binary-search-bounds": {
      "version": "1.0.0",
      "from": "binary-search-bounds@>=1.0.0 <2.0.0",
      "resolved": "https://registry.npmjs.org/binary-search-bounds/-/binary-search-bounds-1.0.0.tgz"
    },
    "bit-twiddle": {
      "version": "1.0.2",
      "from": "bit-twiddle@>=1.0.0 <2.0.0",
      "resolved": "https://registry.npmjs.org/bit-twiddle/-/bit-twiddle-1.0.2.tgz"
    },
    "bluebird": {
      "version": "3.4.7",
      "from": "bluebird@>=3.4.7 <4.0.0",
      "resolved": "https://registry.npmjs.org/bluebird/-/bluebird-3.4.7.tgz"
    },
    "brace-expansion": {
      "version": "1.1.6",
      "from": "brace-expansion@>=1.0.0 <2.0.0",
      "resolved": "https://registry.npmjs.org/brace-expansion/-/brace-expansion-1.1.6.tgz"
    },
    "browser-bunyan": {
      "version": "0.2.3",
      "from": "browser-bunyan@>=0.2.3 <0.3.0",
      "resolved": "https://registry.npmjs.org/browser-bunyan/-/browser-bunyan-0.2.3.tgz"
    },
    "bson": {
      "version": "1.0.4",
      "from": "bson@>=1.0.4 <1.1.0",
      "resolved": "https://registry.npmjs.org/bson/-/bson-1.0.4.tgz"
    },
    "buffer-shims": {
      "version": "1.0.0",
      "from": "buffer-shims@>=1.0.0 <2.0.0",
      "resolved": "https://registry.npmjs.org/buffer-shims/-/buffer-shims-1.0.0.tgz"
    },
    "bunyan": {
      "version": "1.8.5",
      "from": "bunyan@>=1.8.1 <2.0.0",
      "resolved": "https://registry.npmjs.org/bunyan/-/bunyan-1.8.5.tgz"
    },
    "classnames": {
      "version": "2.2.5",
      "from": "classnames@>=2.2.5 <3.0.0",
      "resolved": "https://registry.npmjs.org/classnames/-/classnames-2.2.5.tgz"
    },
    "concat-map": {
      "version": "0.0.1",
      "from": "concat-map@0.0.1",
      "resolved": "https://registry.npmjs.org/concat-map/-/concat-map-0.0.1.tgz"
    },
    "config": {
      "version": "1.24.0",
      "from": "config@>=1.21.0 <2.0.0",
      "resolved": "https://registry.npmjs.org/config/-/config-1.24.0.tgz"
    },
    "content-disposition": {
      "version": "0.5.1",
      "from": "content-disposition@0.5.1",
      "resolved": "https://registry.npmjs.org/content-disposition/-/content-disposition-0.5.1.tgz"
    },
    "content-type": {
      "version": "1.0.2",
      "from": "content-type@>=1.0.2 <1.1.0",
      "resolved": "https://registry.npmjs.org/content-type/-/content-type-1.0.2.tgz"
    },
    "cookie": {
      "version": "0.3.1",
      "from": "cookie@0.3.1",
      "resolved": "https://registry.npmjs.org/cookie/-/cookie-0.3.1.tgz"
    },
    "cookie-signature": {
      "version": "1.0.6",
      "from": "cookie-signature@1.0.6",
      "resolved": "https://registry.npmjs.org/cookie-signature/-/cookie-signature-1.0.6.tgz"
    },
    "core-js": {
      "version": "2.4.1",
      "from": "core-js@>=2.4.0 <3.0.0",
      "resolved": "https://registry.npmjs.org/core-js/-/core-js-2.4.1.tgz"
    },
    "core-util-is": {
      "version": "1.0.2",
      "from": "core-util-is@>=1.0.0 <1.1.0",
      "resolved": "https://registry.npmjs.org/core-util-is/-/core-util-is-1.0.2.tgz"
    },
    "cwise-compiler": {
      "version": "1.1.2",
      "from": "cwise-compiler@>=1.0.0 <2.0.0",
      "resolved": "https://registry.npmjs.org/cwise-compiler/-/cwise-compiler-1.1.2.tgz"
    },
    "debug": {
      "version": "2.6.0",
      "from": "debug@>=2.2.0 <3.0.0",
      "resolved": "https://registry.npmjs.org/debug/-/debug-2.6.0.tgz"
    },
    "deep-diff": {
      "version": "0.3.4",
      "from": "deep-diff@0.3.4",
      "resolved": "https://registry.npmjs.org/deep-diff/-/deep-diff-0.3.4.tgz"
    },
    "depd": {
      "version": "1.1.0",
      "from": "depd@>=1.1.0 <1.2.0",
      "resolved": "https://registry.npmjs.org/depd/-/depd-1.1.0.tgz"
    },
    "destroy": {
      "version": "1.0.4",
      "from": "destroy@>=1.0.4 <1.1.0",
      "resolved": "https://registry.npmjs.org/destroy/-/destroy-1.0.4.tgz"
    },
    "dis-gui": {
      "version": "2.0.0",
      "from": "dis-gui@>=2.0.0 <3.0.0",
      "resolved": "https://registry.npmjs.org/dis-gui/-/dis-gui-2.0.0.tgz"
    },
    "domready": {
      "version": "1.0.8",
      "from": "domready@>=1.0.5 <2.0.0",
      "resolved": "https://registry.npmjs.org/domready/-/domready-1.0.8.tgz"
    },
    "dtrace-provider": {
      "version": "0.8.0",
      "from": "dtrace-provider@>=0.8.0 <0.9.0",
      "resolved": "https://registry.npmjs.org/dtrace-provider/-/dtrace-provider-0.8.0.tgz",
      "optional": true
    },
    "dup": {
      "version": "1.0.0",
      "from": "dup@>=1.0.0 <2.0.0",
      "resolved": "https://registry.npmjs.org/dup/-/dup-1.0.0.tgz"
    },
    "ee-first": {
      "version": "1.1.1",
      "from": "ee-first@1.1.1",
      "resolved": "https://registry.npmjs.org/ee-first/-/ee-first-1.1.1.tgz"
    },
    "encodeurl": {
      "version": "1.0.1",
      "from": "encodeurl@>=1.0.1 <1.1.0",
      "resolved": "https://registry.npmjs.org/encodeurl/-/encodeurl-1.0.1.tgz"
    },
    "encoding": {
      "version": "0.1.12",
      "from": "encoding@>=0.1.11 <0.2.0",
      "resolved": "https://registry.npmjs.org/encoding/-/encoding-0.1.12.tgz"
    },
    "es6-promise": {
      "version": "3.2.1",
      "from": "es6-promise@3.2.1",
      "resolved": "https://registry.npmjs.org/es6-promise/-/es6-promise-3.2.1.tgz"
    },
    "escape-html": {
      "version": "1.0.3",
      "from": "escape-html@>=1.0.3 <1.1.0",
      "resolved": "https://registry.npmjs.org/escape-html/-/escape-html-1.0.3.tgz"
    },
    "etag": {
      "version": "1.7.0",
      "from": "etag@>=1.7.0 <1.8.0",
      "resolved": "https://registry.npmjs.org/etag/-/etag-1.7.0.tgz"
    },
    "express": {
      "version": "4.14.0",
      "from": "express@>=4.14.0 <5.0.0",
      "resolved": "https://registry.npmjs.org/express/-/express-4.14.0.tgz",
      "dependencies": {
        "debug": {
          "version": "2.2.0",
          "from": "debug@>=2.2.0 <2.3.0",
          "resolved": "https://registry.npmjs.org/debug/-/debug-2.2.0.tgz"
        },
        "ms": {
          "version": "0.7.1",
          "from": "ms@0.7.1",
          "resolved": "https://registry.npmjs.org/ms/-/ms-0.7.1.tgz"
        }
      }
    },
    "fbjs": {
      "version": "0.8.8",
      "from": "fbjs@>=0.8.4 <0.9.0",
      "resolved": "https://registry.npmjs.org/fbjs/-/fbjs-0.8.8.tgz",
      "dependencies": {
        "core-js": {
          "version": "1.2.7",
          "from": "core-js@>=1.0.0 <2.0.0",
          "resolved": "https://registry.npmjs.org/core-js/-/core-js-1.2.7.tgz"
        }
      }
    },
    "finalhandler": {
      "version": "0.5.0",
      "from": "finalhandler@0.5.0",
      "resolved": "https://registry.npmjs.org/finalhandler/-/finalhandler-0.5.0.tgz",
      "dependencies": {
        "debug": {
          "version": "2.2.0",
          "from": "debug@>=2.2.0 <2.3.0",
          "resolved": "https://registry.npmjs.org/debug/-/debug-2.2.0.tgz"
        },
        "ms": {
          "version": "0.7.1",
          "from": "ms@0.7.1",
          "resolved": "https://registry.npmjs.org/ms/-/ms-0.7.1.tgz"
        }
      }
    },
    "flux-standard-action": {
      "version": "0.6.1",
      "from": "flux-standard-action@>=0.6.1 <0.7.0",
      "resolved": "https://registry.npmjs.org/flux-standard-action/-/flux-standard-action-0.6.1.tgz"
    },
    "follow-redirects": {
      "version": "0.0.7",
      "from": "follow-redirects@0.0.7",
      "resolved": "https://registry.npmjs.org/follow-redirects/-/follow-redirects-0.0.7.tgz"
    },
    "forwarded": {
      "version": "0.1.0",
      "from": "forwarded@>=0.1.0 <0.2.0",
      "resolved": "https://registry.npmjs.org/forwarded/-/forwarded-0.1.0.tgz"
    },
    "fresh": {
      "version": "0.3.0",
      "from": "fresh@0.3.0",
      "resolved": "https://registry.npmjs.org/fresh/-/fresh-0.3.0.tgz"
    },
    "game-shell": {
      "version": "1.3.2",
      "from": "game-shell@>=1.0.0 <2.0.0",
      "resolved": "https://registry.npmjs.org/game-shell/-/game-shell-1.3.2.tgz"
    },
    "get-parameter-names": {
      "version": "0.3.0",
      "from": "get-parameter-names@>=0.3.0 <0.4.0",
      "resolved": "https://registry.npmjs.org/get-parameter-names/-/get-parameter-names-0.3.0.tgz"
    },
    "gl-constants": {
      "version": "1.0.0",
      "from": "gl-constants@>=1.0.0 <2.0.0",
      "resolved": "https://registry.npmjs.org/gl-constants/-/gl-constants-1.0.0.tgz"
    },
    "gl-format-compiler-error": {
      "version": "1.0.2",
      "from": "gl-format-compiler-error@>=1.0.2 <2.0.0",
      "resolved": "https://registry.npmjs.org/gl-format-compiler-error/-/gl-format-compiler-error-1.0.2.tgz"
    },
    "gl-matrix": {
      "version": "2.3.2",
      "from": "gl-matrix@>=2.3.2 <3.0.0",
      "resolved": "https://registry.npmjs.org/gl-matrix/-/gl-matrix-2.3.2.tgz"
    },
    "gl-now": {
      "version": "1.4.0",
      "from": "gl-now@>=1.4.0 <2.0.0",
      "resolved": "https://registry.npmjs.org/gl-now/-/gl-now-1.4.0.tgz"
    },
    "gl-shader": {
      "version": "4.2.1",
      "from": "gl-shader@>=4.2.0 <5.0.0",
      "resolved": "https://registry.npmjs.org/gl-shader/-/gl-shader-4.2.1.tgz"
    },
    "gl-texture2d": {
      "version": "2.1.0",
      "from": "gl-texture2d@>=2.0.10 <3.0.0",
      "resolved": "https://registry.npmjs.org/gl-texture2d/-/gl-texture2d-2.1.0.tgz"
    },
    "glob": {
      "version": "6.0.4",
      "from": "glob@>=6.0.1 <7.0.0",
      "resolved": "https://registry.npmjs.org/glob/-/glob-6.0.4.tgz"
    },
    "glsl-shader-name": {
      "version": "1.0.0",
      "from": "glsl-shader-name@>=1.0.0 <2.0.0",
      "resolved": "https://registry.npmjs.org/glsl-shader-name/-/glsl-shader-name-1.0.0.tgz"
    },
    "glsl-tokenizer": {
      "version": "2.1.2",
      "from": "glsl-tokenizer@>=2.0.2 <3.0.0",
      "resolved": "https://registry.npmjs.org/glsl-tokenizer/-/glsl-tokenizer-2.1.2.tgz"
    },
    "hoist-non-react-statics": {
      "version": "1.2.0",
      "from": "hoist-non-react-statics@>=1.0.3 <2.0.0",
      "resolved": "https://registry.npmjs.org/hoist-non-react-statics/-/hoist-non-react-statics-1.2.0.tgz"
    },
    "hooks-fixed": {
      "version": "1.2.0",
      "from": "hooks-fixed@1.2.0",
      "resolved": "https://registry.npmjs.org/hooks-fixed/-/hooks-fixed-1.2.0.tgz"
    },
    "http-errors": {
      "version": "1.5.1",
      "from": "http-errors@>=1.5.0 <1.6.0",
      "resolved": "https://registry.npmjs.org/http-errors/-/http-errors-1.5.1.tgz"
    },
    "iconv-lite": {
      "version": "0.4.15",
      "from": "iconv-lite@>=0.4.13 <0.5.0",
      "resolved": "https://registry.npmjs.org/iconv-lite/-/iconv-lite-0.4.15.tgz"
    },
    "inflight": {
      "version": "1.0.6",
      "from": "inflight@>=1.0.4 <2.0.0",
      "resolved": "https://registry.npmjs.org/inflight/-/inflight-1.0.6.tgz"
    },
    "inherits": {
      "version": "2.0.3",
      "from": "inherits@>=2.0.0 <3.0.0",
      "resolved": "https://registry.npmjs.org/inherits/-/inherits-2.0.3.tgz"
    },
    "invariant": {
      "version": "2.2.2",
      "from": "invariant@>=2.0.0 <3.0.0",
      "resolved": "https://registry.npmjs.org/invariant/-/invariant-2.2.2.tgz"
    },
    "invert-hash": {
      "version": "0.0.0",
      "from": "invert-hash@>=0.0.0 <0.1.0",
      "resolved": "https://registry.npmjs.org/invert-hash/-/invert-hash-0.0.0.tgz"
    },
    "iota-array": {
      "version": "1.0.0",
      "from": "iota-array@>=1.0.0 <2.0.0",
      "resolved": "https://registry.npmjs.org/iota-array/-/iota-array-1.0.0.tgz"
    },
    "ipaddr.js": {
      "version": "1.2.0",
      "from": "ipaddr.js@1.2.0",
      "resolved": "https://registry.npmjs.org/ipaddr.js/-/ipaddr.js-1.2.0.tgz"
    },
    "is-buffer": {
      "version": "1.1.4",
      "from": "is-buffer@>=1.0.2 <2.0.0",
      "resolved": "https://registry.npmjs.org/is-buffer/-/is-buffer-1.1.4.tgz"
    },
    "is-stream": {
      "version": "1.1.0",
      "from": "is-stream@>=1.0.1 <2.0.0",
      "resolved": "https://registry.npmjs.org/is-stream/-/is-stream-1.1.0.tgz"
    },
    "isarray": {
      "version": "0.0.1",
      "from": "isarray@0.0.1",
      "resolved": "https://registry.npmjs.org/isarray/-/isarray-0.0.1.tgz"
    },
    "isomorphic-fetch": {
      "version": "2.2.1",
      "from": "isomorphic-fetch@>=2.1.1 <3.0.0",
      "resolved": "https://registry.npmjs.org/isomorphic-fetch/-/isomorphic-fetch-2.2.1.tgz"
    },
    "js-tokens": {
      "version": "3.0.0",
      "from": "js-tokens@>=3.0.0 <4.0.0",
      "resolved": "https://registry.npmjs.org/js-tokens/-/js-tokens-3.0.0.tgz"
    },
    "json5": {
      "version": "0.4.0",
      "from": "json5@0.4.0",
      "resolved": "https://registry.npmjs.org/json5/-/json5-0.4.0.tgz"
    },
    "kareem": {
      "version": "1.2.0",
      "from": "kareem@1.2.0",
      "resolved": "https://registry.npmjs.org/kareem/-/kareem-1.2.0.tgz"
    },
    "keymirror": {
      "version": "0.1.1",
      "from": "keymirror@>=0.1.1 <0.2.0",
      "resolved": "https://registry.npmjs.org/keymirror/-/keymirror-0.1.1.tgz"
    },
    "lodash": {
      "version": "4.17.4",
      "from": "lodash@>=4.13.1 <5.0.0",
      "resolved": "https://registry.npmjs.org/lodash/-/lodash-4.17.4.tgz"
    },
    "lodash-es": {
      "version": "4.17.4",
      "from": "lodash-es@>=4.2.0 <5.0.0",
      "resolved": "https://registry.npmjs.org/lodash-es/-/lodash-es-4.17.4.tgz"
    },
    "lodash._basefor": {
      "version": "3.0.3",
      "from": "lodash._basefor@>=3.0.0 <4.0.0",
      "resolved": "https://registry.npmjs.org/lodash._basefor/-/lodash._basefor-3.0.3.tgz"
    },
    "lodash.clonedeep": {
      "version": "4.5.0",
      "from": "lodash.clonedeep@>=4.5.0 <5.0.0",
      "resolved": "https://registry.npmjs.org/lodash.clonedeep/-/lodash.clonedeep-4.5.0.tgz"
    },
    "lodash.isarguments": {
      "version": "3.1.0",
      "from": "lodash.isarguments@>=3.0.0 <4.0.0",
      "resolved": "https://registry.npmjs.org/lodash.isarguments/-/lodash.isarguments-3.1.0.tgz"
    },
    "lodash.isarray": {
      "version": "3.0.4",
      "from": "lodash.isarray@>=3.0.0 <4.0.0",
      "resolved": "https://registry.npmjs.org/lodash.isarray/-/lodash.isarray-3.0.4.tgz"
    },
    "lodash.isplainobject": {
      "version": "3.2.0",
      "from": "lodash.isplainobject@>=3.2.0 <4.0.0",
      "resolved": "https://registry.npmjs.org/lodash.isplainobject/-/lodash.isplainobject-3.2.0.tgz"
    },
    "lodash.keysin": {
      "version": "3.0.8",
      "from": "lodash.keysin@>=3.0.0 <4.0.0",
      "resolved": "https://registry.npmjs.org/lodash.keysin/-/lodash.keysin-3.0.8.tgz"
    },
    "lodash.merge": {
      "version": "4.6.0",
      "from": "lodash.merge@>=4.6.0 <5.0.0",
      "resolved": "https://registry.npmjs.org/lodash.merge/-/lodash.merge-4.6.0.tgz"
    },
    "loose-envify": {
      "version": "1.3.1",
      "from": "loose-envify@>=1.1.0 <2.0.0",
      "resolved": "https://registry.npmjs.org/loose-envify/-/loose-envify-1.3.1.tgz"
    },
    "media-typer": {
      "version": "0.3.0",
      "from": "media-typer@0.3.0",
      "resolved": "https://registry.npmjs.org/media-typer/-/media-typer-0.3.0.tgz"
    },
    "merge-descriptors": {
      "version": "1.0.1",
      "from": "merge-descriptors@1.0.1",
      "resolved": "https://registry.npmjs.org/merge-descriptors/-/merge-descriptors-1.0.1.tgz"
    },
    "methods": {
      "version": "1.1.2",
      "from": "methods@>=1.1.2 <1.2.0",
      "resolved": "https://registry.npmjs.org/methods/-/methods-1.1.2.tgz"
    },
    "mime": {
      "version": "1.3.4",
      "from": "mime@1.3.4",
      "resolved": "https://registry.npmjs.org/mime/-/mime-1.3.4.tgz"
    },
    "mime-db": {
      "version": "1.26.0",
      "from": "mime-db@>=1.26.0 <1.27.0",
      "resolved": "https://registry.npmjs.org/mime-db/-/mime-db-1.26.0.tgz"
    },
    "mime-types": {
      "version": "2.1.14",
      "from": "mime-types@>=2.1.11 <2.2.0",
      "resolved": "https://registry.npmjs.org/mime-types/-/mime-types-2.1.14.tgz"
    },
    "minimatch": {
      "version": "3.0.3",
      "from": "minimatch@>=2.0.0 <3.0.0||>=3.0.0 <4.0.0",
      "resolved": "https://registry.npmjs.org/minimatch/-/minimatch-3.0.3.tgz"
    },
    "mkdirp": {
      "version": "0.5.1",
      "from": "mkdirp@>=0.5.1 <0.6.0",
      "resolved": "https://registry.npmjs.org/mkdirp/-/mkdirp-0.5.1.tgz",
      "dependencies": {
        "minimist": {
          "version": "0.0.8",
          "from": "minimist@0.0.8",
          "resolved": "https://registry.npmjs.org/minimist/-/minimist-0.0.8.tgz"
        }
      }
    },
    "moment": {
      "version": "2.17.1",
      "from": "moment@>=2.10.6 <3.0.0",
      "resolved": "https://registry.npmjs.org/moment/-/moment-2.17.1.tgz",
      "optional": true
    },
    "mongodb": {
      "version": "2.2.21",
      "from": "mongodb@2.2.21",
      "resolved": "https://registry.npmjs.org/mongodb/-/mongodb-2.2.21.tgz",
      "dependencies": {
        "isarray": {
          "version": "1.0.0",
          "from": "isarray@>=1.0.0 <1.1.0",
          "resolved": "https://registry.npmjs.org/isarray/-/isarray-1.0.0.tgz"
        },
        "readable-stream": {
          "version": "2.1.5",
          "from": "readable-stream@2.1.5",
          "resolved": "https://registry.npmjs.org/readable-stream/-/readable-stream-2.1.5.tgz"
        }
      }
    },
    "mongodb-core": {
      "version": "2.1.6",
      "from": "mongodb-core@2.1.6",
      "resolved": "https://registry.npmjs.org/mongodb-core/-/mongodb-core-2.1.6.tgz"
    },
    "mongoose": {
      "version": "4.7.8",
      "from": "mongoose@>=4.5.0 <5.0.0",
      "resolved": "https://registry.npmjs.org/mongoose/-/mongoose-4.7.8.tgz"
    },
    "mpath": {
      "version": "0.2.1",
      "from": "mpath@0.2.1",
      "resolved": "https://registry.npmjs.org/mpath/-/mpath-0.2.1.tgz"
    },
    "mpromise": {
      "version": "0.5.5",
      "from": "mpromise@0.5.5",
      "resolved": "https://registry.npmjs.org/mpromise/-/mpromise-0.5.5.tgz"
    },
    "mquery": {
      "version": "2.0.0",
      "from": "mquery@2.0.0",
      "resolved": "https://registry.npmjs.org/mquery/-/mquery-2.0.0.tgz",
      "dependencies": {
        "bluebird": {
          "version": "2.10.2",
          "from": "bluebird@2.10.2",
          "resolved": "https://registry.npmjs.org/bluebird/-/bluebird-2.10.2.tgz"
        },
        "debug": {
          "version": "2.2.0",
          "from": "debug@2.2.0",
          "resolved": "https://registry.npmjs.org/debug/-/debug-2.2.0.tgz"
        },
        "ms": {
          "version": "0.7.1",
          "from": "ms@0.7.1",
          "resolved": "https://registry.npmjs.org/ms/-/ms-0.7.1.tgz"
        },
        "sliced": {
          "version": "0.0.5",
          "from": "sliced@0.0.5",
          "resolved": "https://registry.npmjs.org/sliced/-/sliced-0.0.5.tgz"
        }
      }
    },
    "ms": {
      "version": "0.7.2",
      "from": "ms@0.7.2",
      "resolved": "https://registry.npmjs.org/ms/-/ms-0.7.2.tgz"
    },
    "muri": {
      "version": "1.2.0",
      "from": "muri@1.2.0",
      "resolved": "https://registry.npmjs.org/muri/-/muri-1.2.0.tgz"
    },
    "mv": {
      "version": "2.1.1",
      "from": "mv@>=2.0.0 <3.0.0",
      "resolved": "https://registry.npmjs.org/mv/-/mv-2.1.1.tgz",
      "optional": true
    },
    "nan": {
      "version": "2.5.1",
      "from": "nan@>=2.3.3 <3.0.0",
      "resolved": "https://registry.npmjs.org/nan/-/nan-2.5.1.tgz",
      "optional": true
    },
    "ncp": {
      "version": "2.0.0",
      "from": "ncp@>=2.0.0 <2.1.0",
      "resolved": "https://registry.npmjs.org/ncp/-/ncp-2.0.0.tgz",
      "optional": true
    },
    "ndarray": {
      "version": "1.0.18",
      "from": "ndarray@>=1.0.15 <2.0.0",
      "resolved": "https://registry.npmjs.org/ndarray/-/ndarray-1.0.18.tgz"
    },
    "ndarray-ops": {
      "version": "1.2.2",
      "from": "ndarray-ops@>=1.2.2 <2.0.0",
      "resolved": "https://registry.npmjs.org/ndarray-ops/-/ndarray-ops-1.2.2.tgz"
    },
    "negotiator": {
      "version": "0.6.1",
      "from": "negotiator@0.6.1",
      "resolved": "https://registry.npmjs.org/negotiator/-/negotiator-0.6.1.tgz"
    },
    "node-fetch": {
      "version": "1.6.3",
      "from": "node-fetch@>=1.0.1 <2.0.0",
      "resolved": "https://registry.npmjs.org/node-fetch/-/node-fetch-1.6.3.tgz"
    },
    "object-assign": {
      "version": "4.1.1",
      "from": "object-assign@>=4.1.0 <5.0.0",
      "resolved": "https://registry.npmjs.org/object-assign/-/object-assign-4.1.1.tgz"
    },
    "on-finished": {
      "version": "2.3.0",
      "from": "on-finished@>=2.3.0 <2.4.0",
      "resolved": "https://registry.npmjs.org/on-finished/-/on-finished-2.3.0.tgz"
    },
    "once": {
      "version": "1.4.0",
      "from": "once@>=1.3.0 <2.0.0",
      "resolved": "https://registry.npmjs.org/once/-/once-1.4.0.tgz"
    },
    "pad-left": {
      "version": "1.0.2",
      "from": "pad-left@>=1.0.2 <2.0.0",
      "resolved": "https://registry.npmjs.org/pad-left/-/pad-left-1.0.2.tgz"
    },
    "parseurl": {
      "version": "1.3.1",
      "from": "parseurl@>=1.3.1 <1.4.0",
      "resolved": "https://registry.npmjs.org/parseurl/-/parseurl-1.3.1.tgz"
    },
    "path-is-absolute": {
      "version": "1.0.1",
      "from": "path-is-absolute@>=1.0.0 <2.0.0",
      "resolved": "https://registry.npmjs.org/path-is-absolute/-/path-is-absolute-1.0.1.tgz"
    },
    "path-to-regexp": {
      "version": "0.1.7",
      "from": "path-to-regexp@0.1.7",
      "resolved": "https://registry.npmjs.org/path-to-regexp/-/path-to-regexp-0.1.7.tgz"
    },
    "performance-now": {
      "version": "0.2.0",
      "from": "performance-now@>=0.2.0 <0.3.0",
      "resolved": "https://registry.npmjs.org/performance-now/-/performance-now-0.2.0.tgz"
    },
    "process-nextick-args": {
      "version": "1.0.7",
      "from": "process-nextick-args@>=1.0.6 <1.1.0",
      "resolved": "https://registry.npmjs.org/process-nextick-args/-/process-nextick-args-1.0.7.tgz"
    },
    "promise": {
      "version": "7.1.1",
      "from": "promise@>=7.1.1 <8.0.0",
      "resolved": "https://registry.npmjs.org/promise/-/promise-7.1.1.tgz"
    },
    "proxy-addr": {
      "version": "1.1.3",
      "from": "proxy-addr@>=1.1.2 <1.2.0",
      "resolved": "https://registry.npmjs.org/proxy-addr/-/proxy-addr-1.1.3.tgz"
    },
    "qs": {
      "version": "6.2.0",
      "from": "qs@6.2.0",
      "resolved": "https://registry.npmjs.org/qs/-/qs-6.2.0.tgz"
    },
    "query-string": {
      "version": "4.3.1",
      "from": "query-string@>=4.2.3 <5.0.0",
      "resolved": "https://registry.npmjs.org/query-string/-/query-string-4.3.1.tgz"
    },
    "raf": {
      "version": "3.3.0",
      "from": "raf@>=3.2.0 <4.0.0",
      "resolved": "https://registry.npmjs.org/raf/-/raf-3.3.0.tgz"
    },
    "range-parser": {
      "version": "1.2.0",
      "from": "range-parser@>=1.2.0 <1.3.0",
      "resolved": "https://registry.npmjs.org/range-parser/-/range-parser-1.2.0.tgz"
    },
    "react": {
      "version": "15.4.2",
      "from": "react@>=15.4.1 <16.0.0",
      "resolved": "https://registry.npmjs.org/react/-/react-15.4.2.tgz"
    },
    "react-addons-update": {
      "version": "15.4.2",
      "from": "react-addons-update@>=15.4.1 <16.0.0",
      "resolved": "https://registry.npmjs.org/react-addons-update/-/react-addons-update-15.4.2.tgz"
    },
    "react-dom": {
      "version": "15.4.2",
      "from": "react-dom@>=15.4.1 <16.0.0",
      "resolved": "https://registry.npmjs.org/react-dom/-/react-dom-15.4.2.tgz"
    },
    "react-redux": {
      "version": "5.0.2",
      "from": "react-redux@>=5.0.1 <6.0.0",
      "resolved": "https://registry.npmjs.org/react-redux/-/react-redux-5.0.2.tgz"
    },
    "readable-stream": {
      "version": "1.0.34",
      "from": "readable-stream@>=1.0.33-1 <1.1.0-0",
      "resolved": "https://registry.npmjs.org/readable-stream/-/readable-stream-1.0.34.tgz"
    },
    "redux": {
      "version": "3.6.0",
      "from": "redux@>=3.6.0 <4.0.0",
      "resolved": "https://registry.npmjs.org/redux/-/redux-3.6.0.tgz"
    },
    "redux-logger": {
      "version": "2.7.4",
      "from": "redux-logger@>=2.7.4 <3.0.0",
      "resolved": "https://registry.npmjs.org/redux-logger/-/redux-logger-2.7.4.tgz"
    },
    "redux-promise": {
      "version": "0.5.3",
      "from": "redux-promise@>=0.5.3 <0.6.0",
      "resolved": "https://registry.npmjs.org/redux-promise/-/redux-promise-0.5.3.tgz"
    },
    "redux-thunk": {
      "version": "2.2.0",
      "from": "redux-thunk@>=2.1.0 <3.0.0",
      "resolved": "https://registry.npmjs.org/redux-thunk/-/redux-thunk-2.2.0.tgz"
    },
    "regenerator-runtime": {
      "version": "0.10.1",
      "from": "regenerator-runtime@>=0.10.0 <0.11.0",
      "resolved": "https://registry.npmjs.org/regenerator-runtime/-/regenerator-runtime-0.10.1.tgz"
    },
    "regexp-clone": {
      "version": "0.0.1",
      "from": "regexp-clone@0.0.1",
      "resolved": "https://registry.npmjs.org/regexp-clone/-/regexp-clone-0.0.1.tgz"
    },
    "repeat-string": {
      "version": "1.6.1",
      "from": "repeat-string@>=1.3.0 <2.0.0",
      "resolved": "https://registry.npmjs.org/repeat-string/-/repeat-string-1.6.1.tgz"
    },
    "require_optional": {
      "version": "1.0.0",
      "from": "require_optional@>=1.0.0 <1.1.0",
      "resolved": "https://registry.npmjs.org/require_optional/-/require_optional-1.0.0.tgz"
    },
    "resolve-from": {
      "version": "2.0.0",
      "from": "resolve-from@>=2.0.0 <3.0.0",
      "resolved": "https://registry.npmjs.org/resolve-from/-/resolve-from-2.0.0.tgz"
    },
    "rimraf": {
      "version": "2.4.5",
      "from": "rimraf@>=2.4.0 <2.5.0",
      "resolved": "https://registry.npmjs.org/rimraf/-/rimraf-2.4.5.tgz"
    },
    "safe-json-stringify": {
      "version": "1.0.3",
      "from": "safe-json-stringify@>=1.0.0 <2.0.0",
      "resolved": "https://registry.npmjs.org/safe-json-stringify/-/safe-json-stringify-1.0.3.tgz",
      "optional": true
    },
    "semver": {
      "version": "5.3.0",
      "from": "semver@>=5.1.0 <6.0.0",
      "resolved": "https://registry.npmjs.org/semver/-/semver-5.3.0.tgz"
    },
    "send": {
      "version": "0.14.1",
      "from": "send@0.14.1",
      "resolved": "https://registry.npmjs.org/send/-/send-0.14.1.tgz",
      "dependencies": {
        "debug": {
          "version": "2.2.0",
          "from": "debug@>=2.2.0 <2.3.0",
          "resolved": "https://registry.npmjs.org/debug/-/debug-2.2.0.tgz"
        },
        "ms": {
          "version": "0.7.1",
          "from": "ms@0.7.1",
          "resolved": "https://registry.npmjs.org/ms/-/ms-0.7.1.tgz"
        }
      }
    },
    "serve-static": {
      "version": "1.11.2",
      "from": "serve-static@>=1.11.1 <1.12.0",
      "resolved": "https://registry.npmjs.org/serve-static/-/serve-static-1.11.2.tgz",
      "dependencies": {
        "debug": {
          "version": "2.2.0",
          "from": "debug@>=2.2.0 <2.3.0",
          "resolved": "https://registry.npmjs.org/debug/-/debug-2.2.0.tgz",
          "dependencies": {
            "ms": {
              "version": "0.7.1",
              "from": "ms@0.7.1",
              "resolved": "https://registry.npmjs.org/ms/-/ms-0.7.1.tgz"
            }
          }
        },
        "send": {
          "version": "0.14.2",
          "from": "send@0.14.2",
          "resolved": "https://registry.npmjs.org/send/-/send-0.14.2.tgz"
        }
      }
    },
    "service-builder": {
      "version": "0.2.2",
      "from": "service-builder@>=0.2.2 <0.3.0",
      "resolved": "https://registry.npmjs.org/service-builder/-/service-builder-0.2.2.tgz"
    },
    "setimmediate": {
      "version": "1.0.5",
      "from": "setimmediate@>=1.0.5 <2.0.0",
      "resolved": "https://registry.npmjs.org/setimmediate/-/setimmediate-1.0.5.tgz"
    },
    "setprototypeof": {
      "version": "1.0.2",
      "from": "setprototypeof@1.0.2",
      "resolved": "https://registry.npmjs.org/setprototypeof/-/setprototypeof-1.0.2.tgz"
    },
    "sliced": {
      "version": "1.0.1",
      "from": "sliced@1.0.1",
      "resolved": "https://registry.npmjs.org/sliced/-/sliced-1.0.1.tgz"
    },
    "sprintf": {
      "version": "0.1.5",
      "from": "sprintf@>=0.1.5 <0.2.0",
      "resolved": "https://registry.npmjs.org/sprintf/-/sprintf-0.1.5.tgz"
    },
    "sprintf-js": {
      "version": "1.0.3",
      "from": "sprintf-js@>=1.0.3 <2.0.0",
      "resolved": "https://registry.npmjs.org/sprintf-js/-/sprintf-js-1.0.3.tgz"
    },
    "statuses": {
      "version": "1.3.1",
      "from": "statuses@>=1.3.0 <1.4.0",
      "resolved": "https://registry.npmjs.org/statuses/-/statuses-1.3.1.tgz"
    },
    "stream-consume": {
      "version": "0.1.0",
      "from": "stream-consume@>=0.1.0 <0.2.0",
      "resolved": "https://registry.npmjs.org/stream-consume/-/stream-consume-0.1.0.tgz"
    },
    "strict-uri-encode": {
      "version": "1.1.0",
      "from": "strict-uri-encode@>=1.0.0 <2.0.0",
      "resolved": "https://registry.npmjs.org/strict-uri-encode/-/strict-uri-encode-1.1.0.tgz"
    },
    "string_decoder": {
      "version": "0.10.31",
      "from": "string_decoder@>=0.10.0 <0.11.0",
      "resolved": "https://registry.npmjs.org/string_decoder/-/string_decoder-0.10.31.tgz"
    },
    "symbol-observable": {
      "version": "1.0.4",
      "from": "symbol-observable@>=1.0.2 <2.0.0",
      "resolved": "https://registry.npmjs.org/symbol-observable/-/symbol-observable-1.0.4.tgz"
    },
    "three": {
      "version": "0.79.0",
      "from": "three@>=0.79.0 <0.80.0",
      "resolved": "https://registry.npmjs.org/three/-/three-0.79.0.tgz"
    },
    "through2": {
      "version": "0.6.5",
      "from": "through2@>=0.6.3 <0.7.0",
      "resolved": "https://registry.npmjs.org/through2/-/through2-0.6.5.tgz"
    },
    "type-is": {
      "version": "1.6.14",
      "from": "type-is@>=1.6.13 <1.7.0",
      "resolved": "https://registry.npmjs.org/type-is/-/type-is-1.6.14.tgz"
    },
    "typedarray-pool": {
      "version": "1.1.0",
      "from": "typedarray-pool@>=1.1.0 <2.0.0",
      "resolved": "https://registry.npmjs.org/typedarray-pool/-/typedarray-pool-1.1.0.tgz"
    },
    "ua-parser-js": {
      "version": "0.7.12",
      "from": "ua-parser-js@>=0.7.9 <0.8.0",
      "resolved": "https://registry.npmjs.org/ua-parser-js/-/ua-parser-js-0.7.12.tgz"
    },
    "underscore": {
      "version": "1.5.2",
      "from": "underscore@1.5.2",
      "resolved": "https://registry.npmjs.org/underscore/-/underscore-1.5.2.tgz"
    },
    "uniq": {
      "version": "1.0.1",
      "from": "uniq@>=1.0.0 <2.0.0",
      "resolved": "https://registry.npmjs.org/uniq/-/uniq-1.0.1.tgz"
    },
    "unpipe": {
      "version": "1.0.0",
      "from": "unpipe@>=1.0.0 <1.1.0",
      "resolved": "https://registry.npmjs.org/unpipe/-/unpipe-1.0.0.tgz"
    },
    "util-deprecate": {
      "version": "1.0.2",
      "from": "util-deprecate@>=1.0.1 <1.1.0",
      "resolved": "https://registry.npmjs.org/util-deprecate/-/util-deprecate-1.0.2.tgz"
    },
    "utils-merge": {
      "version": "1.0.0",
      "from": "utils-merge@1.0.0",
      "resolved": "https://registry.npmjs.org/utils-merge/-/utils-merge-1.0.0.tgz"
    },
    "vary": {
      "version": "1.1.0",
      "from": "vary@>=1.1.0 <1.2.0",
      "resolved": "https://registry.npmjs.org/vary/-/vary-1.1.0.tgz"
    },
    "vkey": {
      "version": "0.0.3",
      "from": "vkey@>=0.0.2 <0.1.0",
      "resolved": "https://registry.npmjs.org/vkey/-/vkey-0.0.3.tgz"
    },
    "wagner-core": {
      "version": "0.2.0",
      "from": "wagner-core@>=0.2.0 <0.3.0",
      "resolved": "https://registry.npmjs.org/wagner-core/-/wagner-core-0.2.0.tgz",
      "dependencies": {
        "get-parameter-names": {
          "version": "0.2.0",
          "from": "get-parameter-names@0.2.0",
          "resolved": "https://registry.npmjs.org/get-parameter-names/-/get-parameter-names-0.2.0.tgz"
        }
      }
    },
    "weak-map": {
      "version": "1.0.5",
      "from": "weak-map@>=1.0.5 <2.0.0",
      "resolved": "https://registry.npmjs.org/weak-map/-/weak-map-1.0.5.tgz"
    },
    "weakmap-shim": {
      "version": "1.1.1",
      "from": "weakmap-shim@>=1.1.0 <2.0.0",
      "resolved": "https://registry.npmjs.org/weakmap-shim/-/weakmap-shim-1.1.1.tgz"
    },
    "webglew": {
      "version": "1.0.5",
      "from": "webglew@>=1.0.0 <2.0.0",
      "resolved": "https://registry.npmjs.org/webglew/-/webglew-1.0.5.tgz"
    },
    "whatwg-fetch": {
      "version": "2.0.2",
      "from": "whatwg-fetch@>=0.10.0",
      "resolved": "https://registry.npmjs.org/whatwg-fetch/-/whatwg-fetch-2.0.2.tgz"
    },
    "wrappy": {
      "version": "1.0.2",
      "from": "wrappy@>=1.0.0 <2.0.0",
      "resolved": "https://registry.npmjs.org/wrappy/-/wrappy-1.0.2.tgz"
    },
    "xtend": {
      "version": "4.0.1",
      "from": "xtend@>=4.0.0 <4.1.0-0",
      "resolved": "https://registry.npmjs.org/xtend/-/xtend-4.0.1.tgz"
    }
  }
}
